
Microsoft Visual Studio Solution File, Format Version 12.00
# Visual Studio Version 17
VisualStudioVersion = 17.14.36408.4 d17.14
MinimumVisualStudioVersion = 10.0.40219.1
Project("{FAE04EC0-301F-11D3-BF4B-00C04F79EFBC}") = "BulkTable", "BulkTable\BulkTable.csproj", "{B8401ACB-3AE0-4A99-B665-446DC62B617F}"
EndProject
Global
	GlobalSection(SolutionConfigurationPlatforms) = preSolution
		Debug|Any CPU = Debug|Any CPU
		Release|Any CPU = Release|Any CPU
	EndGlobalSection
	GlobalSection(ProjectConfigurationPlatforms) = postSolution
		{B8401ACB-3AE0-4A99-B665-446DC62B617F}.Debug|Any CPU.ActiveCfg = Debug|Any CPU
		{B8401ACB-3AE0-4A99-B665-446DC62B617F}.Debug|Any CPU.Build.0 = Debug|Any CPU
		{B8401ACB-3AE0-4A99-B665-446DC62B617F}.Release|Any CPU.ActiveCfg = Release|Any CPU
		{B8401ACB-3AE0-4A99-B665-446DC62B617F}.Release|Any CPU.Build.0 = Release|Any CPU
	EndGlobalSection
	GlobalSection(SolutionProperties) = preSolution
		HideSolutionNode = FALSE
	EndGlobalSection
	GlobalSection(ExtensibilityGlobals) = postSolution
		SolutionGuid = {14286A60-AA24-4193-A247-D52884B2A710}
	EndGlobalSection
EndGlobal
